
Microsoft Visual Studio Solution File, Format Version 12.00
# Visual Studio Version 17
VisualStudioVersion = 17.9.34728.123
MinimumVisualStudioVersion = 10.0.40219.1
Project("{FAE04EC0-301F-11D3-BF4B-00C04F79EFBC}") = "csharp-calcolatrice", "csharp-calcolatrice\csharp-calcolatrice.csproj", "{8C9CA315-844C-4A83-AEAD-1F942D31F33C}"
EndProject
Global
	GlobalSection(SolutionConfigurationPlatforms) = preSolution
		Debug|Any CPU = Debug|Any CPU
		Release|Any CPU = Release|Any CPU
	EndGlobalSection
	GlobalSection(ProjectConfigurationPlatforms) = postSolution
		{8C9CA315-844C-4A83-AEAD-1F942D31F33C}.Debug|Any CPU.ActiveCfg = Debug|Any CPU
		{8C9CA315-844C-4A83-AEAD-1F942D31F33C}.Debug|Any CPU.Build.0 = Debug|Any CPU
		{8C9CA315-844C-4A83-AEAD-1F942D31F33C}.Release|Any CPU.ActiveCfg = Release|Any CPU
		{8C9CA315-844C-4A83-AEAD-1F942D31F33C}.Release|Any CPU.Build.0 = Release|Any CPU
	EndGlobalSection
	GlobalSection(SolutionProperties) = preSolution
		HideSolutionNode = FALSE
	EndGlobalSection
	GlobalSection(ExtensibilityGlobals) = postSolution
		SolutionGuid = {A11BA72F-99DF-4E43-A494-73A7E01FA36D}
	EndGlobalSection
EndGlobal
